
Microsoft Visual Studio Solution File, Format Version 12.00
# Visual Studio Version 16
VisualStudioVersion = 16.0.33214.272
MinimumVisualStudioVersion = 10.0.40219.1
Project("{FAE04EC0-301F-11D3-BF4B-00C04F79EFBC}") = "Aula_3010_Dica_2_PBL", "Aula_3010_Dica_2_PBL\Aula_3010_Dica_2_PBL.csproj", "{280CE77F-BD5F-4E20-A4EF-DFA6595F0955}"
EndProject
Global
	GlobalSection(SolutionConfigurationPlatforms) = preSolution
		Debug|Any CPU = Debug|Any CPU
		Release|Any CPU = Release|Any CPU
	EndGlobalSection
	GlobalSection(ProjectConfigurationPlatforms) = postSolution
		{280CE77F-BD5F-4E20-A4EF-DFA6595F0955}.Debug|Any CPU.ActiveCfg = Debug|Any CPU
		{280CE77F-BD5F-4E20-A4EF-DFA6595F0955}.Debug|Any CPU.Build.0 = Debug|Any CPU
		{280CE77F-BD5F-4E20-A4EF-DFA6595F0955}.Release|Any CPU.ActiveCfg = Release|Any CPU
		{280CE77F-BD5F-4E20-A4EF-DFA6595F0955}.Release|Any CPU.Build.0 = Release|Any CPU
	EndGlobalSection
	GlobalSection(SolutionProperties) = preSolution
		HideSolutionNode = FALSE
	EndGlobalSection
	GlobalSection(ExtensibilityGlobals) = postSolution
		SolutionGuid = {D99EB76A-F1A7-4E88-A4D7-46A52D11E741}
	EndGlobalSection
EndGlobal
